#MicroXplorer Configuration settings - do not modify
#Fri Feb 27 17:24:43 PST 2015
ADC1.Channel=ADC_CHANNEL_VREFINT
ADC1.Channel-0\#ChannelRegularConversion=ADC_CHANNEL_0
ADC1.IPParameters=Channel-0\#ChannelRegularConversion,Channel,Rank-0\#ChannelRegularConversion,master,SamplingTime-0\#ChannelRegularConversion
ADC1.Rank-0\#ChannelRegularConversion=1
ADC1.SamplingTime-0\#ChannelRegularConversion=ADC_SAMPLETIME_3CYCLES
ADC1.master=1
ADC2.Channel=ADC_CHANNEL_2
ADC2.Channel-0\#ChannelRegularConversion=ADC_CHANNEL_0
ADC2.IPParameters=Channel-0\#ChannelRegularConversion,Channel,SamplingTime-0\#ChannelRegularConversion,Rank-0\#ChannelRegularConversion
ADC2.Rank-0\#ChannelRegularConversion=1
ADC2.SamplingTime-0\#ChannelRegularConversion=ADC_SAMPLETIME_3CYCLES
ADC3.Channel=ADC_CHANNEL_1
ADC3.Channel-0\#ChannelRegularConversion=ADC_CHANNEL_0
ADC3.IPParameters=NbrOfConversionFlag,Channel-0\#ChannelRegularConversion,Channel,SamplingTime-0\#ChannelRegularConversion,Rank-0\#ChannelRegularConversion
ADC3.NbrOfConversionFlag=1
ADC3.Rank-0\#ChannelRegularConversion=1
ADC3.SamplingTime-0\#ChannelRegularConversion=ADC_SAMPLETIME_3CYCLES
Dma.ADC1.1.Channel=DMA_CHANNEL_0
Dma.ADC1.1.Direction=DMA_PERIPH_TO_MEMORY
Dma.ADC1.1.FIFOMode=DMA_FIFOMODE_DISABLE
Dma.ADC1.1.Instance=DMA2_Stream0
Dma.ADC1.1.MemDataAlignment=DMA_MDATAALIGN_BYTE
Dma.ADC1.1.MemInc=DMA_MINC_ENABLE
Dma.ADC1.1.Mode=DMA_NORMAL
Dma.ADC1.1.PeriphDataAlignment=DMA_PDATAALIGN_BYTE
Dma.ADC1.1.PeriphInc=DMA_PINC_DISABLE
Dma.ADC1.1.Priority=DMA_PRIORITY_LOW
Dma.ADC1.1.RequestParameters=Instance,Channel,Direction,PeriphInc,MemInc,PeriphDataAlignment,MemDataAlignment,Mode,Priority,FIFOMode
Dma.I2C2_RX.3.Channel=DMA_CHANNEL_7
Dma.I2C2_RX.3.Direction=DMA_PERIPH_TO_MEMORY
Dma.I2C2_RX.3.FIFOMode=DMA_FIFOMODE_DISABLE
Dma.I2C2_RX.3.Instance=DMA1_Stream2
Dma.I2C2_RX.3.MemDataAlignment=DMA_MDATAALIGN_BYTE
Dma.I2C2_RX.3.MemInc=DMA_MINC_DISABLE
Dma.I2C2_RX.3.Mode=DMA_NORMAL
Dma.I2C2_RX.3.PeriphDataAlignment=DMA_PDATAALIGN_BYTE
Dma.I2C2_RX.3.PeriphInc=DMA_PINC_DISABLE
Dma.I2C2_RX.3.Priority=DMA_PRIORITY_LOW
Dma.I2C2_RX.3.RequestParameters=Instance,Channel,Direction,PeriphInc,MemInc,PeriphDataAlignment,MemDataAlignment,Mode,Priority,FIFOMode
Dma.Request0=SDIO
Dma.Request1=ADC1
Dma.Request2=TIM1_CH1/CH2/CH3
Dma.Request3=I2C2_RX
Dma.RequestsNb=4
Dma.SDIO.0.Channel=DMA_CHANNEL_4
Dma.SDIO.0.Direction=DMA_PERIPH_TO_MEMORY
Dma.SDIO.0.FIFOMode=DMA_FIFOMODE_ENABLE
Dma.SDIO.0.FIFOThreshold=DMA_FIFO_THRESHOLD_HALFFULL
Dma.SDIO.0.Instance=DMA2_Stream3
Dma.SDIO.0.MemBurst=DMA_MBURST_SINGLE
Dma.SDIO.0.MemDataAlignment=DMA_MDATAALIGN_BYTE
Dma.SDIO.0.MemInc=DMA_MINC_ENABLE
Dma.SDIO.0.Mode=DMA_PFCTRL
Dma.SDIO.0.PeriphBurst=DMA_PBURST_SINGLE
Dma.SDIO.0.PeriphDataAlignment=DMA_PDATAALIGN_BYTE
Dma.SDIO.0.PeriphInc=DMA_PINC_DISABLE
Dma.SDIO.0.Priority=DMA_PRIORITY_LOW
Dma.SDIO.0.RequestParameters=Instance,Channel,Direction,PeriphInc,MemInc,PeriphDataAlignment,MemDataAlignment,Mode,Priority,FIFOMode,FIFOThreshold,MemBurst,PeriphBurst
Dma.TIM1_CH1/CH2/CH3.2.Channel=DMA_CHANNEL_0
Dma.TIM1_CH1/CH2/CH3.2.Direction=DMA_PERIPH_TO_MEMORY
Dma.TIM1_CH1/CH2/CH3.2.FIFOMode=DMA_FIFOMODE_DISABLE
Dma.TIM1_CH1/CH2/CH3.2.Instance=DMA2_Stream6
Dma.TIM1_CH1/CH2/CH3.2.MemDataAlignment=DMA_MDATAALIGN_BYTE
Dma.TIM1_CH1/CH2/CH3.2.MemInc=DMA_MINC_DISABLE
Dma.TIM1_CH1/CH2/CH3.2.Mode=DMA_NORMAL
Dma.TIM1_CH1/CH2/CH3.2.PeriphDataAlignment=DMA_PDATAALIGN_BYTE
Dma.TIM1_CH1/CH2/CH3.2.PeriphInc=DMA_PINC_DISABLE
Dma.TIM1_CH1/CH2/CH3.2.Priority=DMA_PRIORITY_LOW
Dma.TIM1_CH1/CH2/CH3.2.RequestParameters=Instance,Channel,Direction,PeriphInc,MemInc,PeriphDataAlignment,MemDataAlignment,Mode,Priority,FIFOMode
File.Version=5
KeepUserPlacement=true
Mcu.Family=STM32F2
Mcu.IP0=ADC1
Mcu.IP1=ADC2
Mcu.IP10=RTC
Mcu.IP11=SDIO
Mcu.IP12=SPI1
Mcu.IP13=TIM1
Mcu.IP14=USB_OTG_FS
Mcu.IP15=WWDG
Mcu.IP2=ADC3
Mcu.IP3=DMA
Mcu.IP4=FATFS
Mcu.IP5=I2C2
Mcu.IP6=I2C3
Mcu.IP7=IWDG
Mcu.IP8=NVIC
Mcu.IP9=RCC
Mcu.IPNb=16
Mcu.Name=STM32F207I(C-E-F-G)Hx
Mcu.Package=UFBGA176
Mcu.Pin0=PB5
Mcu.Pin1=PB4
Mcu.Pin10=PA10
Mcu.Pin11=PF0
Mcu.Pin12=PA9
Mcu.Pin13=PC9
Mcu.Pin14=PA8
Mcu.Pin15=PH0-OSC_IN
Mcu.Pin16=PC8
Mcu.Pin17=PH1-OSC_OUT
Mcu.Pin18=PF1
Mcu.Pin19=PH8
Mcu.Pin2=PB3
Mcu.Pin20=PA1
Mcu.Pin21=PA0-WKUP
Mcu.Pin22=PH7
Mcu.Pin23=PA2
Mcu.Pin24=PA3
Mcu.Pin25=PE10
Mcu.Pin26=PE12
Mcu.Pin27=VP_ADC1_TempSens_Input
Mcu.Pin28=VP_ADC1_Vref_Input
Mcu.Pin29=VP_ADC1_Vbat_Input
Mcu.Pin3=PC12
Mcu.Pin30=VP_FATFS_VS_SDIO
Mcu.Pin31=VP_IWDG_VS_IWDG
Mcu.Pin32=VP_RTC_VS_RTC_Alarm_B_Intern
Mcu.Pin33=VP_RTC_VS_RTC_Alarm_A_Intern
Mcu.Pin34=VP_TIM1_VS_ControllerModeReset
Mcu.Pin35=VP_TIM1_VS_ClockSourceITR
Mcu.Pin36=VP_TIM1_VS_OPM
Mcu.Pin37=VP_WWDG_VS_WWDG
Mcu.Pin4=PC11
Mcu.Pin5=PC10
Mcu.Pin6=PA12
Mcu.Pin7=PA11
Mcu.Pin8=PC13
Mcu.Pin9=PD2
Mcu.PinsNb=38
Mcu.UserName=STM32F207IGHx
MxCube.Version=4.6.0
MxDb.Version=DB.4.0.60
NVIC.PriorityGroup=NVIC_PRIORITYGROUP_0
NVIC.RTC_Alarm_IRQn=true\:0\:0\:false
NVIC.SysTick_IRQn=true\:0\:0\:true
PA0-WKUP.Signal=ADCx_IN0
PA1.Signal=ADCx_IN1
PA10.Mode=OTG/Dual_Role_Device
PA10.Signal=USB_OTG_FS_ID
PA11.Mode=OTG/Dual_Role_Device
PA11.Signal=USB_OTG_FS_DM
PA12.Mode=OTG/Dual_Role_Device
PA12.Signal=USB_OTG_FS_DP
PA2.Signal=ADCx_IN2
PA3.Signal=ADCx_IN3
PA8.Signal=S_TIM1_CH1
PA9.Mode=Activate_VBUS
PA9.Signal=USB_OTG_FS_VBUS
PB3.Mode=Full_Duplex_Master
PB3.Signal=SPI1_SCK
PB4.Mode=Full_Duplex_Master
PB4.Signal=SPI1_MISO
PB5.Mode=Full_Duplex_Master
PB5.Signal=SPI1_MOSI
PC10.Mode=SD_4_bits_Wide_bus
PC10.Signal=SDIO_D2
PC11.Mode=SD_4_bits_Wide_bus
PC11.Signal=SDIO_D3
PC12.Mode=SD_4_bits_Wide_bus
PC12.Signal=SDIO_CK
PC13.Mode=Calibration_512Hz
PC13.Signal=RTC_AF1
PC8.Mode=SD_4_bits_Wide_bus
PC8.Signal=SDIO_D0
PC9.Mode=SD_4_bits_Wide_bus
PC9.Signal=SDIO_D1
PCC.Family=STM32F2
PCC.MCU=STM32F207I(C-E-F-G)Hx
PCC.MXVersion=4.6.0
PCC.PartNumber=STM32F207IGHx
PCC.Seq0=0
PCC.SubFamily=STM32F2x7
PCC.Temperature=25
PCC.Vdd=3.3
PD2.Mode=SD_4_bits_Wide_bus
PD2.Signal=SDIO_CMD
PE10.Locked=true
PE10.Signal=GPIO_Input
PE12.Locked=true
PE12.Signal=GPIO_Output
PF0.Mode=I2C
PF0.Signal=I2C2_SDA
PF1.Mode=I2C
PF1.Signal=I2C2_SCL
PH0-OSC_IN.Mode=HSE-External-Oscillator
PH0-OSC_IN.Signal=RCC_OSC_IN
PH1-OSC_OUT.Mode=HSE-External-Oscillator
PH1-OSC_OUT.Signal=RCC_OSC_OUT
PH7.Mode=I2C
PH7.Signal=I2C3_SCL
PH8.Mode=I2C
PH8.Signal=I2C3_SDA
ProjectManager.AskForMigrate=true
ProjectManager.BackupPrevious=false
ProjectManager.CompilerOptimize=2
ProjectManager.ComputerToolchain=false
ProjectManager.CoupleFile=true
ProjectManager.DeletePrevious=true
ProjectManager.DeviceId=STM32F207IGHx
ProjectManager.FirmwarePackage=STM32Cube FW_F2 V1.1.1
ProjectManager.FreePins=true
ProjectManager.HalAssertFull=true
ProjectManager.KeepUserCode=true
ProjectManager.LastFirmware=true
ProjectManager.LibraryCopy=0
ProjectManager.ProjectBuild=false
ProjectManager.ProjectFileName=CS_TEST_EVAL.ioc
ProjectManager.ProjectName=CS_TEST_EVAL
ProjectManager.TargetToolchain=MDK-ARM 4.73
ProjectManager.ToolChainLocation=
RCC.48MHZClocksFreq_Value=48000000
RCC.AHBFreq_Value=30000000
RCC.APB1CLKDivider=RCC_HCLK_DIV2
RCC.APB1Freq_Value=15000000
RCC.APB1TimFreq_Value=30000000
RCC.APB2CLKDivider=RCC_HCLK_DIV2
RCC.APB2Freq_Value=15000000
RCC.APB2TimFreq_Value=30000000
RCC.CortexFreq_Value=3750000
RCC.EthernetFreq_Value=30000000
RCC.FCLKCortexFreq_Value=30000000
RCC.FamilyName=M
RCC.HCLKFreq_Value=30000000
RCC.HSE_VALUE=25000000
RCC.HSI_VALUE=16000000
RCC.I2SClocksFreq_Value=120000000
RCC.IPParameters=LSI_VALUE,APB1TimFreq_Value,APB2Freq_Value,MCO2PinFreq_Value,APB1CLKDivider,FCLKCortexFreq_Value,48MHZClocksFreq_Value,AHBFreq_Value,VCOInputFreq_Value,I2SClocksFreq_Value,SYSCLKFreq_VALUE,PLLQ,PLLP,SYSCLKSource,LSE_VALUE,HSE_VALUE,HSI_VALUE,VCOI2SOutputFreq_Value,PLLCLKFreq_Value,RTCFreq_Value,FamilyName,HCLKFreq_Value,EthernetFreq_Value,APB2CLKDivider,PLLM,VCOOutputFreq_Value,VcooutputI2S,CortexFreq_Value,APB1Freq_Value,RTCHSEDivFreq_Value,APB2TimFreq_Value
RCC.LSE_VALUE=32768
RCC.LSI_VALUE=32000
RCC.MCO2PinFreq_Value=30000000
RCC.PLLCLKFreq_Value=30000000
RCC.PLLM=20
RCC.PLLP=RCC_PLLP_DIV8
RCC.PLLQ=5
RCC.RTCFreq_Value=32000
RCC.RTCHSEDivFreq_Value=12500000
RCC.SYSCLKFreq_VALUE=30000000
RCC.SYSCLKSource=RCC_SYSCLKSOURCE_PLLCLK
RCC.VCOI2SOutputFreq_Value=240000000
RCC.VCOInputFreq_Value=1250000
RCC.VCOOutputFreq_Value=240000000
RCC.VcooutputI2S=120000000
SDIO.BusWide-SD_4_bits_Wide_bus=SDIO_BUS_WIDE_1B
SDIO.IPParameters=BusWide-SD_4_bits_Wide_bus,WideMode
SDIO.WideMode=SDIO_BUS_WIDE_4B
SH.ADCx_IN0.0=ADC1_IN0,IN0
SH.ADCx_IN0.1=ADC2_IN0,IN0
SH.ADCx_IN0.2=ADC3_IN0,IN0
SH.ADCx_IN0.ConfNb=3
SH.ADCx_IN1.0=ADC1_IN1,IN1
SH.ADCx_IN1.1=ADC2_IN1,IN1
SH.ADCx_IN1.2=ADC3_IN1,IN1
SH.ADCx_IN1.ConfNb=3
SH.ADCx_IN2.0=ADC1_IN2,IN2
SH.ADCx_IN2.1=ADC2_IN2,IN2
SH.ADCx_IN2.2=ADC3_IN2,IN2
SH.ADCx_IN2.ConfNb=3
SH.ADCx_IN3.0=ADC1_IN3,IN3
SH.ADCx_IN3.1=ADC2_IN3,IN3
SH.ADCx_IN3.ConfNb=2
SH.S_TIM1_CH1.0=TIM1_CH1,Input_Capture1_from_TI1
SH.S_TIM1_CH1.ConfNb=1
SPI1.BaudRatePrescaler-Full_Duplex_Master=SPI_BAUDRATEPRESCALER_2
SPI1.CalculateBaudRate-Full_Duplex_Master=7.5 MBits/s
SPI1.IPParameters=BaudRatePrescaler-Full_Duplex_Master,Mode-Full_Duplex_Master,CalculateBaudRate-Full_Duplex_Master
SPI1.Mode-Full_Duplex_Master=SPI_MODE_MASTER
USB_OTG_FS.IPParameters=use_external_vbus
USB_OTG_FS.use_external_vbus=ENABLE
VP_ADC1_TempSens_Input.Mode=IN-TempSens
VP_ADC1_TempSens_Input.Signal=ADC1_TempSens_Input
VP_ADC1_Vbat_Input.Mode=IN-Vbat
VP_ADC1_Vbat_Input.Signal=ADC1_Vbat_Input
VP_ADC1_Vref_Input.Mode=IN-Vrefint
VP_ADC1_Vref_Input.Signal=ADC1_Vref_Input
VP_FATFS_VS_SDIO.Mode=SDIO
VP_FATFS_VS_SDIO.Signal=FATFS_VS_SDIO
VP_IWDG_VS_IWDG.Mode=IWDG_Activate
VP_IWDG_VS_IWDG.Signal=IWDG_VS_IWDG
VP_RTC_VS_RTC_Alarm_A_Intern.Mode=Alarm A
VP_RTC_VS_RTC_Alarm_A_Intern.Signal=RTC_VS_RTC_Alarm_A_Intern
VP_RTC_VS_RTC_Alarm_B_Intern.Mode=Alarm B
VP_RTC_VS_RTC_Alarm_B_Intern.Signal=RTC_VS_RTC_Alarm_B_Intern
VP_TIM1_VS_ClockSourceITR.Mode=TriggerSource_ITR3
VP_TIM1_VS_ClockSourceITR.Signal=TIM1_VS_ClockSourceITR
VP_TIM1_VS_ControllerModeReset.Mode=Reset Mode
VP_TIM1_VS_ControllerModeReset.Signal=TIM1_VS_ControllerModeReset
VP_TIM1_VS_OPM.Mode=OPM_bit
VP_TIM1_VS_OPM.Signal=TIM1_VS_OPM
VP_WWDG_VS_WWDG.Mode=WWDG_Activate
VP_WWDG_VS_WWDG.Signal=WWDG_VS_WWDG
