#MicroXplorer Configuration settings - do not modify
#Thu Feb 26 01:43:56 PST 2015
ADC1.Channel-0\#ChannelRegularConversion=ADC_CHANNEL_0
ADC1.EnableAnalogWatchDog=true
ADC1.IPParameters=EnableAnalogWatchDog,Rank-0\#ChannelRegularConversion,SamplingTime-0\#ChannelRegularConversion,Channel-0\#ChannelRegularConversion,master,NbrOfConversionFlag
ADC1.NbrOfConversionFlag=1
ADC1.Rank-0\#ChannelRegularConversion=1
ADC1.SamplingTime-0\#ChannelRegularConversion=ADC_SAMPLETIME_3CYCLES
ADC1.master=1
ADC2.Channel-0\#ChannelRegularConversion=ADC_CHANNEL_0
ADC2.IPParameters=Rank-0\#ChannelRegularConversion,SamplingTime-0\#ChannelRegularConversion,Channel-0\#ChannelRegularConversion,NbrOfConversionFlag
ADC2.NbrOfConversionFlag=1
ADC2.Rank-0\#ChannelRegularConversion=1
ADC2.SamplingTime-0\#ChannelRegularConversion=ADC_SAMPLETIME_3CYCLES
Dma.ADC1.3.Channel=DMA_CHANNEL_0
Dma.ADC1.3.Direction=DMA_PERIPH_TO_MEMORY
Dma.ADC1.3.FIFOMode=DMA_FIFOMODE_ENABLE
Dma.ADC1.3.FIFOThreshold=DMA_FIFO_THRESHOLD_HALFFULL
Dma.ADC1.3.Instance=DMA2_Stream0
Dma.ADC1.3.MemBurst=DMA_MBURST_SINGLE
Dma.ADC1.3.MemDataAlignment=DMA_MDATAALIGN_BYTE
Dma.ADC1.3.MemInc=DMA_MINC_ENABLE
Dma.ADC1.3.Mode=DMA_CIRCULAR
Dma.ADC1.3.PeriphBurst=DMA_PBURST_SINGLE
Dma.ADC1.3.PeriphDataAlignment=DMA_PDATAALIGN_BYTE
Dma.ADC1.3.PeriphInc=DMA_PINC_DISABLE
Dma.ADC1.3.Priority=DMA_PRIORITY_LOW
Dma.ADC1.3.RequestParameters=Instance,Channel,Direction,PeriphInc,MemInc,PeriphDataAlignment,MemDataAlignment,Mode,Priority,FIFOMode,FIFOThreshold,MemBurst,PeriphBurst
Dma.I2C1_RX.1.Channel=DMA_CHANNEL_1
Dma.I2C1_RX.1.Direction=DMA_PERIPH_TO_MEMORY
Dma.I2C1_RX.1.FIFOMode=DMA_FIFOMODE_ENABLE
Dma.I2C1_RX.1.FIFOThreshold=DMA_FIFO_THRESHOLD_HALFFULL
Dma.I2C1_RX.1.Instance=DMA1_Stream0
Dma.I2C1_RX.1.MemBurst=DMA_MBURST_SINGLE
Dma.I2C1_RX.1.MemDataAlignment=DMA_MDATAALIGN_BYTE
Dma.I2C1_RX.1.MemInc=DMA_MINC_DISABLE
Dma.I2C1_RX.1.Mode=DMA_NORMAL
Dma.I2C1_RX.1.PeriphBurst=DMA_PBURST_SINGLE
Dma.I2C1_RX.1.PeriphDataAlignment=DMA_PDATAALIGN_BYTE
Dma.I2C1_RX.1.PeriphInc=DMA_PINC_ENABLE
Dma.I2C1_RX.1.Priority=DMA_PRIORITY_LOW
Dma.I2C1_RX.1.RequestParameters=Instance,Channel,Direction,PeriphInc,MemInc,PeriphDataAlignment,MemDataAlignment,Mode,Priority,FIFOMode,FIFOThreshold,MemBurst,PeriphBurst
Dma.I2C2_RX.2.Channel=DMA_CHANNEL_7
Dma.I2C2_RX.2.Direction=DMA_PERIPH_TO_MEMORY
Dma.I2C2_RX.2.FIFOMode=DMA_FIFOMODE_DISABLE
Dma.I2C2_RX.2.Instance=DMA1_Stream3
Dma.I2C2_RX.2.MemDataAlignment=DMA_MDATAALIGN_BYTE
Dma.I2C2_RX.2.MemInc=DMA_MINC_DISABLE
Dma.I2C2_RX.2.Mode=DMA_NORMAL
Dma.I2C2_RX.2.PeriphDataAlignment=DMA_PDATAALIGN_BYTE
Dma.I2C2_RX.2.PeriphInc=DMA_PINC_DISABLE
Dma.I2C2_RX.2.Priority=DMA_PRIORITY_LOW
Dma.I2C2_RX.2.RequestParameters=Instance,Channel,Direction,PeriphInc,MemInc,PeriphDataAlignment,MemDataAlignment,Mode,Priority,FIFOMode
Dma.MEMTOMEM.4.Channel=DMA_CHANNEL_0
Dma.MEMTOMEM.4.Direction=DMA_MEMORY_TO_MEMORY
Dma.MEMTOMEM.4.FIFOMode=DMA_FIFOMODE_ENABLE
Dma.MEMTOMEM.4.FIFOThreshold=DMA_FIFO_THRESHOLD_HALFFULL
Dma.MEMTOMEM.4.Instance=DMA2_Stream1
Dma.MEMTOMEM.4.MemBurst=DMA_MBURST_SINGLE
Dma.MEMTOMEM.4.MemDataAlignment=DMA_MDATAALIGN_BYTE
Dma.MEMTOMEM.4.MemInc=DMA_MINC_DISABLE
Dma.MEMTOMEM.4.Mode=DMA_NORMAL
Dma.MEMTOMEM.4.PeriphBurst=DMA_PBURST_SINGLE
Dma.MEMTOMEM.4.PeriphDataAlignment=DMA_PDATAALIGN_BYTE
Dma.MEMTOMEM.4.PeriphInc=DMA_PINC_DISABLE
Dma.MEMTOMEM.4.Priority=DMA_PRIORITY_LOW
Dma.MEMTOMEM.4.RequestParameters=Instance,Channel,Direction,PeriphInc,MemInc,PeriphDataAlignment,MemDataAlignment,Mode,Priority,FIFOMode,FIFOThreshold,MemBurst,PeriphBurst
Dma.Request0=SDIO
Dma.Request1=I2C1_RX
Dma.Request2=I2C2_RX
Dma.Request3=ADC1
Dma.Request4=MEMTOMEM
Dma.Request5=TIM4_UP
Dma.Request6=TIM5_CH1
Dma.RequestsNb=7
Dma.SDIO.0.Channel=DMA_CHANNEL_4
Dma.SDIO.0.Direction=DMA_MEMORY_TO_PERIPH
Dma.SDIO.0.FIFOMode=DMA_FIFOMODE_ENABLE
Dma.SDIO.0.FIFOThreshold=DMA_FIFO_THRESHOLD_HALFFULL
Dma.SDIO.0.Instance=DMA2_Stream3
Dma.SDIO.0.MemBurst=DMA_MBURST_SINGLE
Dma.SDIO.0.MemDataAlignment=DMA_MDATAALIGN_BYTE
Dma.SDIO.0.MemInc=DMA_MINC_DISABLE
Dma.SDIO.0.Mode=DMA_PFCTRL
Dma.SDIO.0.PeriphBurst=DMA_PBURST_SINGLE
Dma.SDIO.0.PeriphDataAlignment=DMA_PDATAALIGN_BYTE
Dma.SDIO.0.PeriphInc=DMA_PINC_ENABLE
Dma.SDIO.0.Priority=DMA_PRIORITY_LOW
Dma.SDIO.0.RequestParameters=Instance,Channel,Direction,PeriphInc,MemInc,PeriphDataAlignment,MemDataAlignment,Mode,Priority,FIFOMode,FIFOThreshold,MemBurst,PeriphBurst
Dma.TIM4_UP.5.Channel=DMA_CHANNEL_2
Dma.TIM4_UP.5.Direction=DMA_PERIPH_TO_MEMORY
Dma.TIM4_UP.5.FIFOMode=DMA_FIFOMODE_DISABLE
Dma.TIM4_UP.5.Instance=DMA1_Stream6
Dma.TIM4_UP.5.MemDataAlignment=DMA_MDATAALIGN_BYTE
Dma.TIM4_UP.5.MemInc=DMA_MINC_DISABLE
Dma.TIM4_UP.5.Mode=DMA_NORMAL
Dma.TIM4_UP.5.PeriphDataAlignment=DMA_PDATAALIGN_BYTE
Dma.TIM4_UP.5.PeriphInc=DMA_PINC_DISABLE
Dma.TIM4_UP.5.Priority=DMA_PRIORITY_LOW
Dma.TIM4_UP.5.RequestParameters=Instance,Channel,Direction,PeriphInc,MemInc,PeriphDataAlignment,MemDataAlignment,Mode,Priority,FIFOMode
Dma.TIM5_CH1.6.Channel=DMA_CHANNEL_6
Dma.TIM5_CH1.6.Direction=DMA_PERIPH_TO_MEMORY
Dma.TIM5_CH1.6.FIFOMode=DMA_FIFOMODE_DISABLE
Dma.TIM5_CH1.6.Instance=DMA1_Stream2
Dma.TIM5_CH1.6.MemDataAlignment=DMA_MDATAALIGN_BYTE
Dma.TIM5_CH1.6.MemInc=DMA_MINC_DISABLE
Dma.TIM5_CH1.6.Mode=DMA_NORMAL
Dma.TIM5_CH1.6.PeriphDataAlignment=DMA_PDATAALIGN_BYTE
Dma.TIM5_CH1.6.PeriphInc=DMA_PINC_DISABLE
Dma.TIM5_CH1.6.Priority=DMA_PRIORITY_LOW
Dma.TIM5_CH1.6.RequestParameters=Instance,Channel,Direction,PeriphInc,MemInc,PeriphDataAlignment,MemDataAlignment,Mode,Priority,FIFOMode
File.Version=4
KeepUserPlacement=true
Mcu.Family=STM32F2
Mcu.IP0=ADC1
Mcu.IP1=ADC2
Mcu.IP10=SDIO
Mcu.IP11=SPI1
Mcu.IP12=TIM4
Mcu.IP13=TIM5
Mcu.IP14=USB_OTG_FS
Mcu.IP15=WWDG
Mcu.IP2=DMA
Mcu.IP3=FATFS
Mcu.IP4=I2C1
Mcu.IP5=I2C2
Mcu.IP6=I2C3
Mcu.IP7=NVIC
Mcu.IP8=RCC
Mcu.IP9=RTC
Mcu.IPNb=16
Mcu.Name=STM32F217I(E-G)Hx
Mcu.Package=UFBGA176
Mcu.Pin0=PB8
Mcu.Pin1=PB5
Mcu.Pin10=PC13
Mcu.Pin11=PI8-RTC_AF2
Mcu.Pin12=PD2
Mcu.Pin13=PA10
Mcu.Pin14=PF0
Mcu.Pin15=PA9
Mcu.Pin16=PC9
Mcu.Pin17=PA8
Mcu.Pin18=PC8
Mcu.Pin19=PF1
Mcu.Pin2=PB4
Mcu.Pin20=PH10
Mcu.Pin21=PH8
Mcu.Pin22=PA1
Mcu.Pin23=PA0-WKUP
Mcu.Pin24=PA2
Mcu.Pin25=PA3
Mcu.Pin26=PE10
Mcu.Pin27=PE12
Mcu.Pin28=VP_ADC1_TempSens_Input
Mcu.Pin29=VP_ADC1_Vref_Input
Mcu.Pin3=PB3
Mcu.Pin30=VP_ADC1_Vbat_Input
Mcu.Pin31=VP_FATFS_VS_SDIO
Mcu.Pin32=VP_RTC_VS_RTC_WakeUp_intern
Mcu.Pin33=VP_RTC_VS_RTC_Alarm_B_Intern
Mcu.Pin34=VP_TIM4_VS_ClockSourceINT
Mcu.Pin35=VP_TIM4_VS_ClockSourceITR
Mcu.Pin36=VP_TIM4_VS_OPM
Mcu.Pin37=VP_TIM5_VS_ClockSourceINT
Mcu.Pin38=VP_TIM5_VS_ClockSourceITR
Mcu.Pin39=VP_TIM5_VS_OPM
Mcu.Pin4=PC12
Mcu.Pin40=VP_WWDG_VS_WWDG
Mcu.Pin5=PB9
Mcu.Pin6=PC11
Mcu.Pin7=PC10
Mcu.Pin8=PA12
Mcu.Pin9=PA11
Mcu.PinsNb=41
Mcu.UserName=STM32F217IGHx
NVIC.ADC_IRQn=true\:0\:0
NVIC.I2C1_EV_IRQn=true\:0\:0
NVIC.I2C2_EV_IRQn=true\:0\:0
NVIC.PriorityGroup=NVIC_PRIORITYGROUP_0
NVIC.RCC_IRQn=true\:0\:0
NVIC.SDIO_IRQn=true\:0\:0
NVIC.SysTick_IRQn=true\:0\:0
NVIC.TIM5_IRQn=true\:0\:0
NVIC.WWDG_IRQn=true\:0\:0
PA0-WKUP.Signal=ADCx_IN0
PA1.Signal=ADCx_IN1
PA10.Mode=OTG/Dual_Role_Device
PA10.Signal=USB_OTG_FS_ID
PA11.Mode=OTG/Dual_Role_Device
PA11.Signal=USB_OTG_FS_DM
PA12.Mode=OTG/Dual_Role_Device
PA12.Signal=USB_OTG_FS_DP
PA2.Signal=ADCx_IN2
PA3.Signal=ADCx_IN3
PA8.Mode=I2C
PA8.Signal=I2C3_SCL
PA9.Mode=Activate_VBUS
PA9.Signal=USB_OTG_FS_VBUS
PB3.Mode=Full_Duplex_Master
PB3.Signal=SPI1_SCK
PB4.Mode=Full_Duplex_Master
PB4.Signal=SPI1_MISO
PB5.Mode=Full_Duplex_Master
PB5.Signal=SPI1_MOSI
PB8.Mode=I2C
PB8.Signal=I2C1_SCL
PB9.Mode=I2C
PB9.Signal=I2C1_SDA
PC10.Mode=SD_4_bits_Wide_bus
PC10.Signal=SDIO_D2
PC11.Mode=SD_4_bits_Wide_bus
PC11.Signal=SDIO_D3
PC12.Mode=SD_4_bits_Wide_bus
PC12.Signal=SDIO_CK
PC13.Mode=Calibration_512Hz
PC13.Signal=RTC_AF1
PC8.Mode=SD_4_bits_Wide_bus
PC8.Signal=SDIO_D0
PC9.Mode=SD_4_bits_Wide_bus
PC9.Signal=SDIO_D1
PCC.Family=STM32F2
PCC.MCU=STM32F217I(E-G)Hx
PCC.MXVersion=4.3.0
PCC.PartNumber=STM32F217IGHx
PCC.Seq0=0
PCC.SubFamily=STM32F2x7
PCC.Temperature=25
PCC.Vdd=3.3
PD2.Mode=SD_4_bits_Wide_bus
PD2.Signal=SDIO_CMD
PE10.Locked=true
PE10.Signal=GPIO_Input
PE12.Locked=true
PE12.Signal=GPIO_Output
PF0.GPIOParameters=GPIO_Speed,GPIO_PuPd,GPIO_Mode
PF0.GPIO_Mode=GPIO_MODE_AF_OD
PF0.GPIO_PuPd=GPIO_PULLUP
PF0.GPIO_Speed=GPIO_SPEED_LOW
PF0.Mode=I2C
PF0.Signal=I2C2_SDA
PF1.Mode=I2C
PF1.Signal=I2C2_SCL
PH10.Signal=S_TIM5_CH1
PH8.Mode=I2C
PH8.Signal=I2C3_SDA
PI8-RTC_AF2.Mode=Timestamp enabled - Input Enabled to AF2
PI8-RTC_AF2.Signal=RTC_AF2
ProjectManager.AskForMigrate=true
ProjectManager.BackupPrevious=false
ProjectManager.CompilerOptimize=2
ProjectManager.ComputerToolchain=false
ProjectManager.CoupleFile=true
ProjectManager.DeletePrevious=true
ProjectManager.DeviceId=STM32F217IGHx
ProjectManager.FirmwarePackage=STM32Cube FW_F2 V1.1.1
ProjectManager.FreePins=false
ProjectManager.HalAssertFull=false
ProjectManager.KeepUserCode=true
ProjectManager.LastFirmware=true
ProjectManager.LibraryCopy=0
ProjectManager.ProjectBuild=false
ProjectManager.ProjectFileName=CS_TEST_EVAL.ioc
ProjectManager.ProjectName=CS_TEST_EVAL
ProjectManager.TargetToolchain=TrueSTUDIO 4.3.1
RCC.FamilyName=M
RCC.HSE_VALUE=25000000
RCC.HSI_VALUE=16000000
RCC.IPParameters=,FamilyName,LSE_VALUE,HSE_VALUE,HSI_VALUE,LSI_VALUE
RCC.LSE_VALUE=32768
RCC.LSI_VALUE=32000
RTC.IPParameters=TimeStampPin-Timestamp enabled - Input Enabled to AF2
RTC.TimeStampPin-Timestamp\ enabled\ -\ Input\ Enabled\ to\ AF2=RTC_TIMESTAMPPIN_PI8
SH.ADCx_IN0.0=ADC1_IN0,IN0
SH.ADCx_IN0.1=ADC2_IN0,IN0
SH.ADCx_IN0.ConfNb=2
SH.ADCx_IN1.0=ADC1_IN1,IN1
SH.ADCx_IN1.1=ADC2_IN1,IN1
SH.ADCx_IN1.ConfNb=2
SH.ADCx_IN2.0=ADC1_IN2,IN2
SH.ADCx_IN2.1=ADC2_IN2,IN2
SH.ADCx_IN2.ConfNb=2
SH.ADCx_IN3.0=ADC1_IN3,IN3
SH.ADCx_IN3.ConfNb=1
SH.S_TIM5_CH1.0=TIM5_CH1,Input_Capture1_from_TI1
SH.S_TIM5_CH1.ConfNb=1
SPI1.CalculateBaudRate-Full_Duplex_Master=8.0 MBits/s
SPI1.IPParameters=CalculateBaudRate-Full_Duplex_Master,Mode-Full_Duplex_Master
SPI1.Mode-Full_Duplex_Master=SPI_MODE_MASTER
VP_ADC1_TempSens_Input.Mode=IN-TempSens
VP_ADC1_TempSens_Input.Signal=ADC1_TempSens_Input
VP_ADC1_Vbat_Input.Mode=IN-Vbat
VP_ADC1_Vbat_Input.Signal=ADC1_Vbat_Input
VP_ADC1_Vref_Input.Mode=IN-Vrefint
VP_ADC1_Vref_Input.Signal=ADC1_Vref_Input
VP_FATFS_VS_SDIO.Mode=SDIO
VP_FATFS_VS_SDIO.Signal=FATFS_VS_SDIO
VP_RTC_VS_RTC_Alarm_B_Intern.Mode=Alarm B
VP_RTC_VS_RTC_Alarm_B_Intern.Signal=RTC_VS_RTC_Alarm_B_Intern
VP_RTC_VS_RTC_WakeUp_intern.Mode=WakeUp
VP_RTC_VS_RTC_WakeUp_intern.Signal=RTC_VS_RTC_WakeUp_intern
VP_TIM4_VS_ClockSourceINT.Mode=Internal
VP_TIM4_VS_ClockSourceINT.Signal=TIM4_VS_ClockSourceINT
VP_TIM4_VS_ClockSourceITR.Mode=TriggerSource_ITR0
VP_TIM4_VS_ClockSourceITR.Signal=TIM4_VS_ClockSourceITR
VP_TIM4_VS_OPM.Mode=OPM_bit
VP_TIM4_VS_OPM.Signal=TIM4_VS_OPM
VP_TIM5_VS_ClockSourceINT.Mode=Internal
VP_TIM5_VS_ClockSourceINT.Signal=TIM5_VS_ClockSourceINT
VP_TIM5_VS_ClockSourceITR.Mode=TriggerSource_ITR1
VP_TIM5_VS_ClockSourceITR.Signal=TIM5_VS_ClockSourceITR
VP_TIM5_VS_OPM.Mode=OPM_bit
VP_TIM5_VS_OPM.Signal=TIM5_VS_OPM
VP_WWDG_VS_WWDG.Mode=WWDG_Activate
VP_WWDG_VS_WWDG.Signal=WWDG_VS_WWDG
