
Microsoft Visual Studio Solution File, Format Version 12.00
# Visual Studio 2013
VisualStudioVersion = 12.0.21005.1
MinimumVisualStudioVersion = 10.0.40219.1
Project("{8BC9CEB8-8B4A-11D0-8D11-00A0C91BC942}") = "serialParser", "serialParser\serialParser.vcxproj", "{DB760715-3AE7-46F2-9742-1C5CAD77897E}"
EndProject
Global
	GlobalSection(SolutionConfigurationPlatforms) = preSolution
		Debug|Win32 = Debug|Win32
		Release|Win32 = Release|Win32
	EndGlobalSection
	GlobalSection(ProjectConfigurationPlatforms) = postSolution
		{DB760715-3AE7-46F2-9742-1C5CAD77897E}.Debug|Win32.ActiveCfg = Debug|Win32
		{DB760715-3AE7-46F2-9742-1C5CAD77897E}.Debug|Win32.Build.0 = Debug|Win32
		{DB760715-3AE7-46F2-9742-1C5CAD77897E}.Release|Win32.ActiveCfg = Release|Win32
		{DB760715-3AE7-46F2-9742-1C5CAD77897E}.Release|Win32.Build.0 = Release|Win32
	EndGlobalSection
	GlobalSection(SolutionProperties) = preSolution
		HideSolutionNode = FALSE
	EndGlobalSection
EndGlobal
