#MicroXplorer Configuration settings - do not modify
#Fri Feb 27 17:27:16 PST 2015
File.Version=5
KeepUserPlacement=false
Mcu.Family=STM32F2
Mcu.IP0=NVIC
Mcu.IP1=RCC
Mcu.IPNb=2
Mcu.Name=STM32F207V(C-E-F-G)Tx
Mcu.Package=LQFP100
Mcu.PinsNb=0
Mcu.UserName=STM32F207VCTx
MxCube.Version=4.6.0
MxDb.Version=DB.4.0.60
NVIC.PriorityGroup=NVIC_PRIORITYGROUP_4
NVIC.SysTick_IRQn=true\:0\:0\:false
PCC.Family=STM32F2
PCC.MCU=STM32F207V(C-E-F-G)Tx
PCC.MXVersion=4.6.0
PCC.PartNumber=STM32F207VCTx
PCC.Seq0=0
PCC.SubFamily=STM32F2x7
PCC.Temperature=25
PCC.Vdd=3.3
RCC.48MHZClocksFreq_Value=48000000
RCC.AHBFreq_Value=16000000
RCC.APB1Freq_Value=16000000
RCC.APB2Freq_Value=16000000
RCC.FamilyName=M
RCC.HSE_VALUE=25000000
RCC.HSI_VALUE=16000000
RCC.I2SClocksFreq_Value=96000000
RCC.IPParameters=RTCFreq_Value,LSI_VALUE,FamilyName,APB2Freq_Value,48MHZClocksFreq_Value,AHBFreq_Value,VCOInputFreq_Value,I2SClocksFreq_Value,VCOOutputFreq_Value,SYSCLKFreq_VALUE,VcooutputI2S,LSE_VALUE,APB1Freq_Value,HSE_VALUE,HSI_VALUE,VCOI2SOutputFreq_Value,RTCHSEDivFreq_Value,PLLCLKFreq_Value
RCC.LSE_VALUE=32768
RCC.LSI_VALUE=32000
RCC.PLLCLKFreq_Value=96000000
RCC.RTCFreq_Value=32000
RCC.RTCHSEDivFreq_Value=12500000
RCC.SYSCLKFreq_VALUE=16000000
RCC.VCOI2SOutputFreq_Value=192000000
RCC.VCOInputFreq_Value=1000000
RCC.VCOOutputFreq_Value=192000000
RCC.VcooutputI2S=96000000
